
Microsoft Visual Studio Solution File, Format Version 12.00
# Visual Studio Version 17
VisualStudioVersion = 17.9.34728.123
MinimumVisualStudioVersion = 10.0.40219.1
Project("{9A19103F-16F7-4668-BE54-9A1E7A4F7556}") = "Grep", "Grep.csproj", "{F79D3870-A948-4732-AFAC-3F3810AAF676}"
EndProject
Global
	GlobalSection(SolutionConfigurationPlatforms) = preSolution
		Debug|Any CPU = Debug|Any CPU
		Release|Any CPU = Release|Any CPU
	EndGlobalSection
	GlobalSection(ProjectConfigurationPlatforms) = postSolution
		{F79D3870-A948-4732-AFAC-3F3810AAF676}.Debug|Any CPU.ActiveCfg = Debug|Any CPU
		{F79D3870-A948-4732-AFAC-3F3810AAF676}.Debug|Any CPU.Build.0 = Debug|Any CPU
		{F79D3870-A948-4732-AFAC-3F3810AAF676}.Release|Any CPU.ActiveCfg = Release|Any CPU
		{F79D3870-A948-4732-AFAC-3F3810AAF676}.Release|Any CPU.Build.0 = Release|Any CPU
	EndGlobalSection
	GlobalSection(SolutionProperties) = preSolution
		HideSolutionNode = FALSE
	EndGlobalSection
	GlobalSection(ExtensibilityGlobals) = postSolution
		SolutionGuid = {F5CC15C1-CBB1-4697-BD52-875B93CDF047}
	EndGlobalSection
EndGlobal
